
Microsoft Visual Studio Solution File, Format Version 12.00
# Visual Studio 2015
Project("{FAE04EC0-301F-11D3-BF4B-00C04F79EFBC}") = "GPS Project", "GPS Project.csproj", "{DB1BE3AD-3F88-70EA-A308-BA53DDB8B9D3}"
EndProject
Global
	GlobalSection(SolutionConfigurationPlatforms) = preSolution
		Debug|Any CPU = Debug|Any CPU
		Release|Any CPU = Release|Any CPU
	EndGlobalSection
	GlobalSection(ProjectConfigurationPlatforms) = postSolution
		{DB1BE3AD-3F88-70EA-A308-BA53DDB8B9D3}.Debug|Any CPU.ActiveCfg = Debug|Any CPU
		{DB1BE3AD-3F88-70EA-A308-BA53DDB8B9D3}.Debug|Any CPU.Build.0 = Debug|Any CPU
		{DB1BE3AD-3F88-70EA-A308-BA53DDB8B9D3}.Release|Any CPU.ActiveCfg = Release|Any CPU
		{DB1BE3AD-3F88-70EA-A308-BA53DDB8B9D3}.Release|Any CPU.Build.0 = Release|Any CPU
	EndGlobalSection
	GlobalSection(SolutionProperties) = preSolution
		HideSolutionNode = FALSE
	EndGlobalSection
EndGlobal
